// !$*UTF8*$!
{
	archiveVersion = 1;
	classes = {
	};
	objectVersion = 55;
	objects = {

/* Begin PBXBuildFile section */
		26177036289019C100670EEA /* DetailViewController.swift in Sources */ = {isa = PBXBuildFile; fileRef = 26177034289019C100670EEA /* DetailViewController.swift */; };
		26177037289019C100670EEA /* DetailViewController.xib in Resources */ = {isa = PBXBuildFile; fileRef = 26177035289019C100670EEA /* DetailViewController.xib */; };
		261E7035288F24DB003C4205 /* DriversTableViewModel.swift in Sources */ = {isa = PBXBuildFile; fileRef = 261E7034288F24DB003C4205 /* DriversTableViewModel.swift */; };
		268DA172288827A100A7F853 /* AppDelegate.swift in Sources */ = {isa = PBXBuildFile; fileRef = 268DA171288827A100A7F853 /* AppDelegate.swift */; };
		268DA174288827A100A7F853 /* SceneDelegate.swift in Sources */ = {isa = PBXBuildFile; fileRef = 268DA173288827A100A7F853 /* SceneDelegate.swift */; };
		268DA17B288827A400A7F853 /* Assets.xcassets in Resources */ = {isa = PBXBuildFile; fileRef = 268DA17A288827A400A7F853 /* Assets.xcassets */; };
		268DA17E288827A400A7F853 /* LaunchScreen.storyboard in Resources */ = {isa = PBXBuildFile; fileRef = 268DA17C288827A400A7F853 /* LaunchScreen.storyboard */; };
		268DA1892888284D00A7F853 /* SplashController.swift in Sources */ = {isa = PBXBuildFile; fileRef = 268DA1872888284D00A7F853 /* SplashController.swift */; };
		268DA18A2888284D00A7F853 /* Splash.xib in Resources */ = {isa = PBXBuildFile; fileRef = 268DA1882888284D00A7F853 /* Splash.xib */; };
		268DA1912888371A00A7F853 /* SplashViewModel.swift in Sources */ = {isa = PBXBuildFile; fileRef = 268DA1902888371A00A7F853 /* SplashViewModel.swift */; };
		268DA19928883CDB00A7F853 /* DriversTableController.swift in Sources */ = {isa = PBXBuildFile; fileRef = 268DA19828883CDB00A7F853 /* DriversTableController.swift */; };
		26DD5D36288F198D000DF4AE /* DataDriversModel.swift in Sources */ = {isa = PBXBuildFile; fileRef = 26DD5D35288F198D000DF4AE /* DataDriversModel.swift */; };
		26DD5D38288F19E2000DF4AE /* NetworkManager.swift in Sources */ = {isa = PBXBuildFile; fileRef = 26DD5D37288F19E2000DF4AE /* NetworkManager.swift */; };
		26F10B562888BF8F00B341AD /* DriversCell.swift in Sources */ = {isa = PBXBuildFile; fileRef = 26F10B542888BF8F00B341AD /* DriversCell.swift */; };
		26F10B572888BF8F00B341AD /* DriversCell.xib in Resources */ = {isa = PBXBuildFile; fileRef = 26F10B552888BF8F00B341AD /* DriversCell.xib */; };
/* End PBXBuildFile section */

/* Begin PBXFileReference section */
		26177034289019C100670EEA /* DetailViewController.swift */ = {isa = PBXFileReference; lastKnownFileType = sourcecode.swift; path = DetailViewController.swift; sourceTree = "<group>"; };
		26177035289019C100670EEA /* DetailViewController.xib */ = {isa = PBXFileReference; lastKnownFileType = file.xib; path = DetailViewController.xib; sourceTree = "<group>"; };
		261E7034288F24DB003C4205 /* DriversTableViewModel.swift */ = {isa = PBXFileReference; lastKnownFileType = sourcecode.swift; path = DriversTableViewModel.swift; sourceTree = "<group>"; };
		268DA16E288827A100A7F853 /* formulaOneApp.app */ = {isa = PBXFileReference; explicitFileType = wrapper.application; includeInIndex = 0; path = formulaOneApp.app; sourceTree = BUILT_PRODUCTS_DIR; };
		268DA171288827A100A7F853 /* AppDelegate.swift */ = {isa = PBXFileReference; lastKnownFileType = sourcecode.swift; path = AppDelegate.swift; sourceTree = "<group>"; };
		268DA173288827A100A7F853 /* SceneDelegate.swift */ = {isa = PBXFileReference; lastKnownFileType = sourcecode.swift; path = SceneDelegate.swift; sourceTree = "<group>"; };
		268DA17A288827A400A7F853 /* Assets.xcassets */ = {isa = PBXFileReference; lastKnownFileType = folder.assetcatalog; path = Assets.xcassets; sourceTree = "<group>"; };
		268DA17D288827A400A7F853 /* Base */ = {isa = PBXFileReference; lastKnownFileType = file.storyboard; name = Base; path = Base.lproj/LaunchScreen.storyboard; sourceTree = "<group>"; };
		268DA17F288827A400A7F853 /* Info.plist */ = {isa = PBXFileReference; lastKnownFileType = text.plist.xml; path = Info.plist; sourceTree = "<group>"; };
		268DA1872888284D00A7F853 /* SplashController.swift */ = {isa = PBXFileReference; lastKnownFileType = sourcecode.swift; path = SplashController.swift; sourceTree = "<group>"; };
		268DA1882888284D00A7F853 /* Splash.xib */ = {isa = PBXFileReference; lastKnownFileType = file.xib; path = Splash.xib; sourceTree = "<group>"; };
		268DA1902888371A00A7F853 /* SplashViewModel.swift */ = {isa = PBXFileReference; lastKnownFileType = sourcecode.swift; path = SplashViewModel.swift; sourceTree = "<group>"; };
		268DA19828883CDB00A7F853 /* DriversTableController.swift */ = {isa = PBXFileReference; lastKnownFileType = sourcecode.swift; path = DriversTableController.swift; sourceTree = "<group>"; };
		26DD5D35288F198D000DF4AE /* DataDriversModel.swift */ = {isa = PBXFileReference; lastKnownFileType = sourcecode.swift; path = DataDriversModel.swift; sourceTree = "<group>"; };
		26DD5D37288F19E2000DF4AE /* NetworkManager.swift */ = {isa = PBXFileReference; lastKnownFileType = sourcecode.swift; path = NetworkManager.swift; sourceTree = "<group>"; };
		26F10B542888BF8F00B341AD /* DriversCell.swift */ = {isa = PBXFileReference; lastKnownFileType = sourcecode.swift; path = DriversCell.swift; sourceTree = "<group>"; };
		26F10B552888BF8F00B341AD /* DriversCell.xib */ = {isa = PBXFileReference; lastKnownFileType = file.xib; path = DriversCell.xib; sourceTree = "<group>"; };
/* End PBXFileReference section */

/* Begin PBXFrameworksBuildPhase section */
		268DA16B288827A100A7F853 /* Frameworks */ = {
			isa = PBXFrameworksBuildPhase;
			buildActionMask = 2147483647;
			files = (
			);
			runOnlyForDeploymentPostprocessing = 0;
		};
/* End PBXFrameworksBuildPhase section */

/* Begin PBXGroup section */
		261770302890196300670EEA /* DriverDetail */ = {
			isa = PBXGroup;
			children = (
				261770312890198B00670EEA /* Views */,
				261770322890199300670EEA /* Controllers */,
				261770332890199B00670EEA /* ViewModels */,
			);
			path = DriverDetail;
			sourceTree = "<group>";
		};
		261770312890198B00670EEA /* Views */ = {
			isa = PBXGroup;
			children = (
				26177035289019C100670EEA /* DetailViewController.xib */,
			);
			path = Views;
			sourceTree = "<group>";
		};
		261770322890199300670EEA /* Controllers */ = {
			isa = PBXGroup;
			children = (
				26177034289019C100670EEA /* DetailViewController.swift */,
			);
			path = Controllers;
			sourceTree = "<group>";
		};
		261770332890199B00670EEA /* ViewModels */ = {
			isa = PBXGroup;
			children = (
			);
			path = ViewModels;
			sourceTree = "<group>";
		};
		261E7036288F3DAF003C4205 /* Domain */ = {
			isa = PBXGroup;
			children = (
				26F10B5A2888C22E00B341AD /* Models */,
			);
			path = Domain;
			sourceTree = "<group>";
		};
		268DA165288827A100A7F853 = {
			isa = PBXGroup;
			children = (
				268DA170288827A100A7F853 /* formulaOneApp */,
				268DA16F288827A100A7F853 /* Products */,
			);
			sourceTree = "<group>";
		};
		268DA16F288827A100A7F853 /* Products */ = {
			isa = PBXGroup;
			children = (
				268DA16E288827A100A7F853 /* formulaOneApp.app */,
			);
			name = Products;
			sourceTree = "<group>";
		};
		268DA170288827A100A7F853 /* formulaOneApp */ = {
			isa = PBXGroup;
			children = (
				268DA17F288827A400A7F853 /* Info.plist */,
				26F10B5B2888C50900B341AD /* Network */,
				268DA186288827C800A7F853 /* Resources */,
				261E7036288F3DAF003C4205 /* Domain */,
				268DA185288827B300A7F853 /* App */,
				268DA18B2888285400A7F853 /* UI */,
			);
			path = formulaOneApp;
			sourceTree = "<group>";
		};
		268DA185288827B300A7F853 /* App */ = {
			isa = PBXGroup;
			children = (
				268DA171288827A100A7F853 /* AppDelegate.swift */,
				268DA173288827A100A7F853 /* SceneDelegate.swift */,
			);
			path = App;
			sourceTree = "<group>";
		};
		268DA186288827C800A7F853 /* Resources */ = {
			isa = PBXGroup;
			children = (
				268DA17A288827A400A7F853 /* Assets.xcassets */,
			);
			path = Resources;
			sourceTree = "<group>";
		};
		268DA18B2888285400A7F853 /* UI */ = {
			isa = PBXGroup;
			children = (
				268DA18C2888287900A7F853 /* Splash */,
				268DA19228883C3100A7F853 /* DriversTable */,
				261770302890196300670EEA /* DriverDetail */,
			);
			path = UI;
			sourceTree = "<group>";
		};
		268DA18C2888287900A7F853 /* Splash */ = {
			isa = PBXGroup;
			children = (
				268DA18D2888369700A7F853 /* Views */,
				268DA18E2888369D00A7F853 /* Controllers */,
				268DA18F288836A700A7F853 /* ViewModels */,
			);
			path = Splash;
			sourceTree = "<group>";
		};
		268DA18D2888369700A7F853 /* Views */ = {
			isa = PBXGroup;
			children = (
				268DA17C288827A400A7F853 /* LaunchScreen.storyboard */,
				268DA1882888284D00A7F853 /* Splash.xib */,
			);
			path = Views;
			sourceTree = "<group>";
		};
		268DA18E2888369D00A7F853 /* Controllers */ = {
			isa = PBXGroup;
			children = (
				268DA1872888284D00A7F853 /* SplashController.swift */,
			);
			path = Controllers;
			sourceTree = "<group>";
		};
		268DA18F288836A700A7F853 /* ViewModels */ = {
			isa = PBXGroup;
			children = (
				268DA1902888371A00A7F853 /* SplashViewModel.swift */,
			);
			path = ViewModels;
			sourceTree = "<group>";
		};
		268DA19228883C3100A7F853 /* DriversTable */ = {
			isa = PBXGroup;
			children = (
				26F10B532888BF6300B341AD /* Cells */,
				268DA19328883C4D00A7F853 /* Views */,
				268DA19428883C5300A7F853 /* Controllers */,
				268DA19528883C6200A7F853 /* ViewModels */,
			);
			path = DriversTable;
			sourceTree = "<group>";
		};
		268DA19328883C4D00A7F853 /* Views */ = {
			isa = PBXGroup;
			children = (
			);
			path = Views;
			sourceTree = "<group>";
		};
		268DA19428883C5300A7F853 /* Controllers */ = {
			isa = PBXGroup;
			children = (
				268DA19828883CDB00A7F853 /* DriversTableController.swift */,
			);
			path = Controllers;
			sourceTree = "<group>";
		};
		268DA19528883C6200A7F853 /* ViewModels */ = {
			isa = PBXGroup;
			children = (
				261E7034288F24DB003C4205 /* DriversTableViewModel.swift */,
			);
			path = ViewModels;
			sourceTree = "<group>";
		};
		26F10B532888BF6300B341AD /* Cells */ = {
			isa = PBXGroup;
			children = (
				26F10B542888BF8F00B341AD /* DriversCell.swift */,
				26F10B552888BF8F00B341AD /* DriversCell.xib */,
			);
			path = Cells;
			sourceTree = "<group>";
		};
		26F10B5A2888C22E00B341AD /* Models */ = {
			isa = PBXGroup;
			children = (
				26DD5D35288F198D000DF4AE /* DataDriversModel.swift */,
			);
			path = Models;
			sourceTree = "<group>";
		};
		26F10B5B2888C50900B341AD /* Network */ = {
			isa = PBXGroup;
			children = (
				26DD5D37288F19E2000DF4AE /* NetworkManager.swift */,
			);
			path = Network;
			sourceTree = "<group>";
		};
/* End PBXGroup section */

/* Begin PBXNativeTarget section */
		268DA16D288827A100A7F853 /* formulaOneApp */ = {
			isa = PBXNativeTarget;
			buildConfigurationList = 268DA182288827A400A7F853 /* Build configuration list for PBXNativeTarget "formulaOneApp" */;
			buildPhases = (
				268DA16A288827A100A7F853 /* Sources */,
				268DA16B288827A100A7F853 /* Frameworks */,
				268DA16C288827A100A7F853 /* Resources */,
			);
			buildRules = (
			);
			dependencies = (
			);
			name = formulaOneApp;
			productName = formulaOneApp;
			productReference = 268DA16E288827A100A7F853 /* formulaOneApp.app */;
			productType = "com.apple.product-type.application";
		};
/* End PBXNativeTarget section */

/* Begin PBXProject section */
		268DA166288827A100A7F853 /* Project object */ = {
			isa = PBXProject;
			attributes = {
				BuildIndependentTargetsInParallel = 1;
				LastSwiftUpdateCheck = 1340;
				LastUpgradeCheck = 1340;
				TargetAttributes = {
					268DA16D288827A100A7F853 = {
						CreatedOnToolsVersion = 13.4.1;
					};
				};
			};
			buildConfigurationList = 268DA169288827A100A7F853 /* Build configuration list for PBXProject "formulaOneApp" */;
			compatibilityVersion = "Xcode 13.0";
			developmentRegion = en;
			hasScannedForEncodings = 0;
			knownRegions = (
				en,
				Base,
			);
			mainGroup = 268DA165288827A100A7F853;
			productRefGroup = 268DA16F288827A100A7F853 /* Products */;
			projectDirPath = "";
			projectRoot = "";
			targets = (
				268DA16D288827A100A7F853 /* formulaOneApp */,
			);
		};
/* End PBXProject section */

/* Begin PBXResourcesBuildPhase section */
		268DA16C288827A100A7F853 /* Resources */ = {
			isa = PBXResourcesBuildPhase;
			buildActionMask = 2147483647;
			files = (
				268DA17E288827A400A7F853 /* LaunchScreen.storyboard in Resources */,
				268DA18A2888284D00A7F853 /* Splash.xib in Resources */,
				26177037289019C100670EEA /* DetailViewController.xib in Resources */,
				268DA17B288827A400A7F853 /* Assets.xcassets in Resources */,
				26F10B572888BF8F00B341AD /* DriversCell.xib in Resources */,
			);
			runOnlyForDeploymentPostprocessing = 0;
		};
/* End PBXResourcesBuildPhase section */

/* Begin PBXSourcesBuildPhase section */
		268DA16A288827A100A7F853 /* Sources */ = {
			isa = PBXSourcesBuildPhase;
			buildActionMask = 2147483647;
			files = (
				26DD5D36288F198D000DF4AE /* DataDriversModel.swift in Sources */,
				268DA172288827A100A7F853 /* AppDelegate.swift in Sources */,
				268DA174288827A100A7F853 /* SceneDelegate.swift in Sources */,
				268DA1912888371A00A7F853 /* SplashViewModel.swift in Sources */,
				26DD5D38288F19E2000DF4AE /* NetworkManager.swift in Sources */,
				26F10B562888BF8F00B341AD /* DriversCell.swift in Sources */,
				268DA1892888284D00A7F853 /* SplashController.swift in Sources */,
				26177036289019C100670EEA /* DetailViewController.swift in Sources */,
				261E7035288F24DB003C4205 /* DriversTableViewModel.swift in Sources */,
				268DA19928883CDB00A7F853 /* DriversTableController.swift in Sources */,
			);
			runOnlyForDeploymentPostprocessing = 0;
		};
/* End PBXSourcesBuildPhase section */

/* Begin PBXVariantGroup section */
		268DA17C288827A400A7F853 /* LaunchScreen.storyboard */ = {
			isa = PBXVariantGroup;
			children = (
				268DA17D288827A400A7F853 /* Base */,
			);
			name = LaunchScreen.storyboard;
			sourceTree = "<group>";
		};
/* End PBXVariantGroup section */

/* Begin XCBuildConfiguration section */
		268DA180288827A400A7F853 /* Debug */ = {
			isa = XCBuildConfiguration;
			buildSettings = {
				ALWAYS_SEARCH_USER_PATHS = NO;
				CLANG_ANALYZER_NONNULL = YES;
				CLANG_ANALYZER_NUMBER_OBJECT_CONVERSION = YES_AGGRESSIVE;
				CLANG_CXX_LANGUAGE_STANDARD = "gnu++17";
				CLANG_ENABLE_MODULES = YES;
				CLANG_ENABLE_OBJC_ARC = YES;
				CLANG_ENABLE_OBJC_WEAK = YES;
				CLANG_WARN_BLOCK_CAPTURE_AUTORELEASING = YES;
				CLANG_WARN_BOOL_CONVERSION = YES;
				CLANG_WARN_COMMA = YES;
				CLANG_WARN_CONSTANT_CONVERSION = YES;
				CLANG_WARN_DEPRECATED_OBJC_IMPLEMENTATIONS = YES;
				CLANG_WARN_DIRECT_OBJC_ISA_USAGE = YES_ERROR;
				CLANG_WARN_DOCUMENTATION_COMMENTS = YES;
				CLANG_WARN_EMPTY_BODY = YES;
				CLANG_WARN_ENUM_CONVERSION = YES;
				CLANG_WARN_INFINITE_RECURSION = YES;
				CLANG_WARN_INT_CONVERSION = YES;
				CLANG_WARN_NON_LITERAL_NULL_CONVERSION = YES;
				CLANG_WARN_OBJC_IMPLICIT_RETAIN_SELF = YES;
				CLANG_WARN_OBJC_LITERAL_CONVERSION = YES;
				CLANG_WARN_OBJC_ROOT_CLASS = YES_ERROR;
				CLANG_WARN_QUOTED_INCLUDE_IN_FRAMEWORK_HEADER = YES;
				CLANG_WARN_RANGE_LOOP_ANALYSIS = YES;
				CLANG_WARN_STRICT_PROTOTYPES = YES;
				CLANG_WARN_SUSPICIOUS_MOVE = YES;
				CLANG_WARN_UNGUARDED_AVAILABILITY = YES_AGGRESSIVE;
				CLANG_WARN_UNREACHABLE_CODE = YES;
				CLANG_WARN__DUPLICATE_METHOD_MATCH = YES;
				COPY_PHASE_STRIP = NO;
				DEBUG_INFORMATION_FORMAT = dwarf;
				ENABLE_STRICT_OBJC_MSGSEND = YES;
				ENABLE_TESTABILITY = YES;
				GCC_C_LANGUAGE_STANDARD = gnu11;
				GCC_DYNAMIC_NO_PIC = NO;
				GCC_NO_COMMON_BLOCKS = YES;
				GCC_OPTIMIZATION_LEVEL = 0;
				GCC_PREPROCESSOR_DEFINITIONS = (
					"DEBUG=1",
					"$(inherited)",
				);
				GCC_WARN_64_TO_32_BIT_CONVERSION = YES;
				GCC_WARN_ABOUT_RETURN_TYPE = YES_ERROR;
				GCC_WARN_UNDECLARED_SELECTOR = YES;
				GCC_WARN_UNINITIALIZED_AUTOS = YES_AGGRESSIVE;
				GCC_WARN_UNUSED_FUNCTION = YES;
				GCC_WARN_UNUSED_VARIABLE = YES;
				IPHONEOS_DEPLOYMENT_TARGET = 15.5;
				MTL_ENABLE_DEBUG_INFO = INCLUDE_SOURCE;
				MTL_FAST_MATH = YES;
				ONLY_ACTIVE_ARCH = YES;
				SDKROOT = iphoneos;
				SWIFT_ACTIVE_COMPILATION_CONDITIONS = DEBUG;
				SWIFT_OPTIMIZATION_LEVEL = "-Onone";
			};
			name = Debug;
		};
		268DA181288827A400A7F853 /* Release */ = {
			isa = XCBuildConfiguration;
			buildSettings = {
				ALWAYS_SEARCH_USER_PATHS = NO;
				CLANG_ANALYZER_NONNULL = YES;
				CLANG_ANALYZER_NUMBER_OBJECT_CONVERSION = YES_AGGRESSIVE;
				CLANG_CXX_LANGUAGE_STANDARD = "gnu++17";
				CLANG_ENABLE_MODULES = YES;
				CLANG_ENABLE_OBJC_ARC = YES;
				CLANG_ENABLE_OBJC_WEAK = YES;
				CLANG_WARN_BLOCK_CAPTURE_AUTORELEASING = YES;
				CLANG_WARN_BOOL_CONVERSION = YES;
				CLANG_WARN_COMMA = YES;
				CLANG_WARN_CONSTANT_CONVERSION = YES;
				CLANG_WARN_DEPRECATED_OBJC_IMPLEMENTATIONS = YES;
				CLANG_WARN_DIRECT_OBJC_ISA_USAGE = YES_ERROR;
				CLANG_WARN_DOCUMENTATION_COMMENTS = YES;
				CLANG_WARN_EMPTY_BODY = YES;
				CLANG_WARN_ENUM_CONVERSION = YES;
				CLANG_WARN_INFINITE_RECURSION = YES;
				CLANG_WARN_INT_CONVERSION = YES;
				CLANG_WARN_NON_LITERAL_NULL_CONVERSION = YES;
				CLANG_WARN_OBJC_IMPLICIT_RETAIN_SELF = YES;
				CLANG_WARN_OBJC_LITERAL_CONVERSION = YES;
				CLANG_WARN_OBJC_ROOT_CLASS = YES_ERROR;
				CLANG_WARN_QUOTED_INCLUDE_IN_FRAMEWORK_HEADER = YES;
				CLANG_WARN_RANGE_LOOP_ANALYSIS = YES;
				CLANG_WARN_STRICT_PROTOTYPES = YES;
				CLANG_WARN_SUSPICIOUS_MOVE = YES;
				CLANG_WARN_UNGUARDED_AVAILABILITY = YES_AGGRESSIVE;
				CLANG_WARN_UNREACHABLE_CODE = YES;
				CLANG_WARN__DUPLICATE_METHOD_MATCH = YES;
				COPY_PHASE_STRIP = NO;
				DEBUG_INFORMATION_FORMAT = "dwarf-with-dsym";
				ENABLE_NS_ASSERTIONS = NO;
				ENABLE_STRICT_OBJC_MSGSEND = YES;
				GCC_C_LANGUAGE_STANDARD = gnu11;
				GCC_NO_COMMON_BLOCKS = YES;
				GCC_WARN_64_TO_32_BIT_CONVERSION = YES;
				GCC_WARN_ABOUT_RETURN_TYPE = YES_ERROR;
				GCC_WARN_UNDECLARED_SELECTOR = YES;
				GCC_WARN_UNINITIALIZED_AUTOS = YES_AGGRESSIVE;
				GCC_WARN_UNUSED_FUNCTION = YES;
				GCC_WARN_UNUSED_VARIABLE = YES;
				IPHONEOS_DEPLOYMENT_TARGET = 15.5;
				MTL_ENABLE_DEBUG_INFO = NO;
				MTL_FAST_MATH = YES;
				SDKROOT = iphoneos;
				SWIFT_COMPILATION_MODE = wholemodule;
				SWIFT_OPTIMIZATION_LEVEL = "-O";
				VALIDATE_PRODUCT = YES;
			};
			name = Release;
		};
		268DA183288827A400A7F853 /* Debug */ = {
			isa = XCBuildConfiguration;
			buildSettings = {
				ASSETCATALOG_COMPILER_APPICON_NAME = AppIcon;
				ASSETCATALOG_COMPILER_GLOBAL_ACCENT_COLOR_NAME = AccentColor;
				CODE_SIGN_STYLE = Automatic;
				CURRENT_PROJECT_VERSION = 1;
				DEVELOPMENT_TEAM = F9QA4T4B5C;
				GENERATE_INFOPLIST_FILE = YES;
				INFOPLIST_FILE = formulaOneApp/Info.plist;
				INFOPLIST_KEY_UIApplicationSupportsIndirectInputEvents = YES;
				INFOPLIST_KEY_UILaunchStoryboardName = LaunchScreen;
				INFOPLIST_KEY_UISupportedInterfaceOrientations_iPad = "UIInterfaceOrientationPortrait UIInterfaceOrientationPortraitUpsideDown UIInterfaceOrientationLandscapeLeft UIInterfaceOrientationLandscapeRight";
				INFOPLIST_KEY_UISupportedInterfaceOrientations_iPhone = "UIInterfaceOrientationPortrait UIInterfaceOrientationLandscapeLeft UIInterfaceOrientationLandscapeRight";
				LD_RUNPATH_SEARCH_PATHS = (
					"$(inherited)",
					"@executable_path/Frameworks",
				);
				MARKETING_VERSION = 1.0;
				PRODUCT_BUNDLE_IDENTIFIER = com.franalarza.formulaOneApp;
				PRODUCT_NAME = "$(TARGET_NAME)";
				SWIFT_EMIT_LOC_STRINGS = YES;
				SWIFT_VERSION = 5.0;
				TARGETED_DEVICE_FAMILY = 1;
			};
			name = Debug;
		};
		268DA184288827A400A7F853 /* Release */ = {
			isa = XCBuildConfiguration;
			buildSettings = {
				ASSETCATALOG_COMPILER_APPICON_NAME = AppIcon;
				ASSETCATALOG_COMPILER_GLOBAL_ACCENT_COLOR_NAME = AccentColor;
				CODE_SIGN_STYLE = Automatic;
				CURRENT_PROJECT_VERSION = 1;
				DEVELOPMENT_TEAM = F9QA4T4B5C;
				GENERATE_INFOPLIST_FILE = YES;
				INFOPLIST_FILE = formulaOneApp/Info.plist;
				INFOPLIST_KEY_UIApplicationSupportsIndirectInputEvents = YES;
				INFOPLIST_KEY_UILaunchStoryboardName = LaunchScreen;
				INFOPLIST_KEY_UISupportedInterfaceOrientations_iPad = "UIInterfaceOrientationPortrait UIInterfaceOrientationPortraitUpsideDown UIInterfaceOrientationLandscapeLeft UIInterfaceOrientationLandscapeRight";
				INFOPLIST_KEY_UISupportedInterfaceOrientations_iPhone = "UIInterfaceOrientationPortrait UIInterfaceOrientationLandscapeLeft UIInterfaceOrientationLandscapeRight";
				LD_RUNPATH_SEARCH_PATHS = (
					"$(inherited)",
					"@executable_path/Frameworks",
				);
				MARKETING_VERSION = 1.0;
				PRODUCT_BUNDLE_IDENTIFIER = com.franalarza.formulaOneApp;
				PRODUCT_NAME = "$(TARGET_NAME)";
				SWIFT_EMIT_LOC_STRINGS = YES;
				SWIFT_VERSION = 5.0;
				TARGETED_DEVICE_FAMILY = 1;
			};
			name = Release;
		};
/* End XCBuildConfiguration section */

/* Begin XCConfigurationList section */
		268DA169288827A100A7F853 /* Build configuration list for PBXProject "formulaOneApp" */ = {
			isa = XCConfigurationList;
			buildConfigurations = (
				268DA180288827A400A7F853 /* Debug */,
				268DA181288827A400A7F853 /* Release */,
			);
			defaultConfigurationIsVisible = 0;
			defaultConfigurationName = Release;
		};
		268DA182288827A400A7F853 /* Build configuration list for PBXNativeTarget "formulaOneApp" */ = {
			isa = XCConfigurationList;
			buildConfigurations = (
				268DA183288827A400A7F853 /* Debug */,
				268DA184288827A400A7F853 /* Release */,
			);
			defaultConfigurationIsVisible = 0;
			defaultConfigurationName = Release;
		};
/* End XCConfigurationList section */
	};
	rootObject = 268DA166288827A100A7F853 /* Project object */;
}
